// !$*UTF8*$!
{
	archiveVersion = 1;
	classes = {
	};
	objectVersion = 46;
	objects = {

/* Begin PBXBuildFile section */
		8C5B649A1E970485004DFAB4 /* AppDelegate.swift in Sources */ = {isa = PBXBuildFile; fileRef = 8C5B64991E970485004DFAB4 /* AppDelegate.swift */; };
		8C5B649C1E970485004DFAB4 /* ViewController.swift in Sources */ = {isa = PBXBuildFile; fileRef = 8C5B649B1E970485004DFAB4 /* ViewController.swift */; };
		8C5B649F1E970485004DFAB4 /* Main.storyboard in Resources */ = {isa = PBXBuildFile; fileRef = 8C5B649D1E970485004DFAB4 /* Main.storyboard */; };
		8C5B64A11E970485004DFAB4 /* Assets.xcassets in Resources */ = {isa = PBXBuildFile; fileRef = 8C5B64A01E970485004DFAB4 /* Assets.xcassets */; };
		8C5B64A41E970485004DFAB4 /* LaunchScreen.storyboard in Resources */ = {isa = PBXBuildFile; fileRef = 8C5B64A21E970485004DFAB4 /* LaunchScreen.storyboard */; };
/* End PBXBuildFile section */

/* Begin PBXFileReference section */
		8C5B64961E970485004DFAB4 /* SizeClasses.app */ = {isa = PBXFileReference; explicitFileType = wrapper.application; includeInIndex = 0; path = SizeClasses.app; sourceTree = BUILT_PRODUCTS_DIR; };
		8C5B64991E970485004DFAB4 /* AppDelegate.swift */ = {isa = PBXFileReference; lastKnownFileType = sourcecode.swift; path = AppDelegate.swift; sourceTree = "<group>"; };
		8C5B649B1E970485004DFAB4 /* ViewController.swift */ = {isa = PBXFileReference; lastKnownFileType = sourcecode.swift; path = ViewController.swift; sourceTree = "<group>"; };
		8C5B649E1E970485004DFAB4 /* Base */ = {isa = PBXFileReference; lastKnownFileType = file.storyboard; name = Base; path = Base.lproj/Main.storyboard; sourceTree = "<group>"; };
		8C5B64A01E970485004DFAB4 /* Assets.xcassets */ = {isa = PBXFileReference; lastKnownFileType = folder.assetcatalog; path = Assets.xcassets; sourceTree = "<group>"; };
		8C5B64A31E970485004DFAB4 /* Base */ = {isa = PBXFileReference; lastKnownFileType = file.storyboard; name = Base; path = Base.lproj/LaunchScreen.storyboard; sourceTree = "<group>"; };
		8C5B64A51E970485004DFAB4 /* Info.plist */ = {isa = PBXFileReference; lastKnownFileType = text.plist.xml; path = Info.plist; sourceTree = "<group>"; };
/* End PBXFileReference section */

/* Begin PBXFrameworksBuildPhase section */
		8C5B64931E970485004DFAB4 /* Frameworks */ = {
			isa = PBXFrameworksBuildPhase;
			buildActionMask = 2147483647;
			files = (
			);
			runOnlyForDeploymentPostprocessing = 0;
		};
/* End PBXFrameworksBuildPhase section */

/* Begin PBXGroup section */
		8C5B648D1E970485004DFAB4 = {
			isa = PBXGroup;
			children = (
				8C5B64981E970485004DFAB4 /* SizeClasses */,
				8C5B64971E970485004DFAB4 /* Products */,
			);
			sourceTree = "<group>";
		};
		8C5B64971E970485004DFAB4 /* Products */ = {
			isa = PBXGroup;
			children = (
				8C5B64961E970485004DFAB4 /* SizeClasses.app */,
			);
			name = Products;
			sourceTree = "<group>";
		};
		8C5B64981E970485004DFAB4 /* SizeClasses */ = {
			isa = PBXGroup;
			children = (
				8C5B64991E970485004DFAB4 /* AppDelegate.swift */,
				8C5B649B1E970485004DFAB4 /* ViewController.swift */,
				8C5B649D1E970485004DFAB4 /* Main.storyboard */,
				8C5B64A01E970485004DFAB4 /* Assets.xcassets */,
				8C5B64A21E970485004DFAB4 /* LaunchScreen.storyboard */,
				8C5B64A51E970485004DFAB4 /* Info.plist */,
			);
			path = SizeClasses;
			sourceTree = "<group>";
		};
/* End PBXGroup section */

/* Begin PBXNativeTarget section */
		8C5B64951E970485004DFAB4 /* SizeClasses */ = {
			isa = PBXNativeTarget;
			buildConfigurationList = 8C5B64A81E970485004DFAB4 /* Build configuration list for PBXNativeTarget "SizeClasses" */;
			buildPhases = (
				8C5B64921E970485004DFAB4 /* Sources */,
				8C5B64931E970485004DFAB4 /* Frameworks */,
				8C5B64941E970485004DFAB4 /* Resources */,
			);
			buildRules = (
			);
			dependencies = (
			);
			name = SizeClasses;
			productName = SizeClasses;
			productReference = 8C5B64961E970485004DFAB4 /* SizeClasses.app */;
			productType = "com.apple.product-type.application";
		};
/* End PBXNativeTarget section */

/* Begin PBXProject section */
		8C5B648E1E970485004DFAB4 /* Project object */ = {
			isa = PBXProject;
			attributes = {
				LastSwiftUpdateCheck = 0830;
				LastUpgradeCheck = 0830;
				ORGANIZATIONNAME = "Simon Zhen";
				TargetAttributes = {
					8C5B64951E970485004DFAB4 = {
						CreatedOnToolsVersion = 8.3;
						DevelopmentTeam = 94EUZPM3TC;
						ProvisioningStyle = Automatic;
					};
				};
			};
			buildConfigurationList = 8C5B64911E970485004DFAB4 /* Build configuration list for PBXProject "SizeClasses" */;
			compatibilityVersion = "Xcode 3.2";
			developmentRegion = English;
			hasScannedForEncodings = 0;
			knownRegions = (
				en,
				Base,
			);
			mainGroup = 8C5B648D1E970485004DFAB4;
			productRefGroup = 8C5B64971E970485004DFAB4 /* Products */;
			projectDirPath = "";
			projectRoot = "";
			targets = (
				8C5B64951E970485004DFAB4 /* SizeClasses */,
			);
		};
/* End PBXProject section */

/* Begin PBXResourcesBuildPhase section */
		8C5B64941E970485004DFAB4 /* Resources */ = {
			isa = PBXResourcesBuildPhase;
			buildActionMask = 2147483647;
			files = (
				8C5B64A41E970485004DFAB4 /* LaunchScreen.storyboard in Resources */,
				8C5B64A11E970485004DFAB4 /* Assets.xcassets in Resources */,
				8C5B649F1E970485004DFAB4 /* Main.storyboard in Resources */,
			);
			runOnlyForDeploymentPostprocessing = 0;
		};
/* End PBXResourcesBuildPhase section */

/* Begin PBXSourcesBuildPhase section */
		8C5B64921E970485004DFAB4 /* Sources */ = {
			isa = PBXSourcesBuildPhase;
			buildActionMask = 2147483647;
			files = (
				8C5B649C1E970485004DFAB4 /* ViewController.swift in Sources */,
				8C5B649A1E970485004DFAB4 /* AppDelegate.swift in Sources */,
			);
			runOnlyForDeploymentPostprocessing = 0;
		};
/* End PBXSourcesBuildPhase section */

/* Begin PBXVariantGroup section */
		8C5B649D1E970485004DFAB4 /* Main.storyboard */ = {
			isa = PBXVariantGroup;
			children = (
				8C5B649E1E970485004DFAB4 /* Base */,
			);
			name = Main.storyboard;
			sourceTree = "<group>";
		};
		8C5B64A21E970485004DFAB4 /* LaunchScreen.storyboard */ = {
			isa = PBXVariantGroup;
			children = (
				8C5B64A31E970485004DFAB4 /* Base */,
			);
			name = LaunchScreen.storyboard;
			sourceTree = "<group>";
		};
/* End PBXVariantGroup section */

/* Begin XCBuildConfiguration section */
		8C5B64A61E970485004DFAB4 /* Debug */ = {
			isa = XCBuildConfiguration;
			buildSettings = {
				ALWAYS_SEARCH_USER_PATHS = NO;
				CLANG_ANALYZER_NONNULL = YES;
				CLANG_ANALYZER_NUMBER_OBJECT_CONVERSION = YES_AGGRESSIVE;
				CLANG_CXX_LANGUAGE_STANDARD = "gnu++0x";
				CLANG_CXX_LIBRARY = "libc++";
				CLANG_ENABLE_MODULES = YES;
				CLANG_ENABLE_OBJC_ARC = YES;
				CLANG_WARN_BOOL_CONVERSION = YES;
				CLANG_WARN_CONSTANT_CONVERSION = YES;
				CLANG_WARN_DIRECT_OBJC_ISA_USAGE = YES_ERROR;
				CLANG_WARN_DOCUMENTATION_COMMENTS = YES;
				CLANG_WARN_EMPTY_BODY = YES;
				CLANG_WARN_ENUM_CONVERSION = YES;
				CLANG_WARN_INFINITE_RECURSION = YES;
				CLANG_WARN_INT_CONVERSION = YES;
				CLANG_WARN_OBJC_ROOT_CLASS = YES_ERROR;
				CLANG_WARN_SUSPICIOUS_MOVE = YES;
				CLANG_WARN_UNREACHABLE_CODE = YES;
				CLANG_WARN__DUPLICATE_METHOD_MATCH = YES;
				"CODE_SIGN_IDENTITY[sdk=iphoneos*]" = "iPhone Developer";
				COPY_PHASE_STRIP = NO;
				DEBUG_INFORMATION_FORMAT = dwarf;
				ENABLE_STRICT_OBJC_MSGSEND = YES;
				ENABLE_TESTABILITY = YES;
				GCC_C_LANGUAGE_STANDARD = gnu99;
				GCC_DYNAMIC_NO_PIC = NO;
				GCC_NO_COMMON_BLOCKS = YES;
				GCC_OPTIMIZATION_LEVEL = 0;
				GCC_PREPROCESSOR_DEFINITIONS = (
					"DEBUG=1",
					"$(inherited)",
				);
				GCC_WARN_64_TO_32_BIT_CONVERSION = YES;
				GCC_WARN_ABOUT_RETURN_TYPE = YES_ERROR;
				GCC_WARN_UNDECLARED_SELECTOR = YES;
				GCC_WARN_UNINITIALIZED_AUTOS = YES_AGGRESSIVE;
				GCC_WARN_UNUSED_FUNCTION = YES;
				GCC_WARN_UNUSED_VARIABLE = YES;
				IPHONEOS_DEPLOYMENT_TARGET = 10.3;
				MTL_ENABLE_DEBUG_INFO = YES;
				ONLY_ACTIVE_ARCH = YES;
				SDKROOT = iphoneos;
				SWIFT_ACTIVE_COMPILATION_CONDITIONS = DEBUG;
				SWIFT_OPTIMIZATION_LEVEL = "-Onone";
				TARGETED_DEVICE_FAMILY = "1,2";
			};
			name = Debug;
		};
		8C5B64A71E970485004DFAB4 /* Release */ = {
			isa = XCBuildConfiguration;
			buildSettings = {
				ALWAYS_SEARCH_USER_PATHS = NO;
				CLANG_ANALYZER_NONNULL = YES;
				CLANG_ANALYZER_NUMBER_OBJECT_CONVERSION = YES_AGGRESSIVE;
				CLANG_CXX_LANGUAGE_STANDARD = "gnu++0x";
				CLANG_CXX_LIBRARY = "libc++";
				CLANG_ENABLE_MODULES = YES;
				CLANG_ENABLE_OBJC_ARC = YES;
				CLANG_WARN_BOOL_CONVERSION = YES;
				CLANG_WARN_CONSTANT_CONVERSION = YES;
				CLANG_WARN_DIRECT_OBJC_ISA_USAGE = YES_ERROR;
				CLANG_WARN_DOCUMENTATION_COMMENTS = YES;
				CLANG_WARN_EMPTY_BODY = YES;
				CLANG_WARN_ENUM_CONVERSION = YES;
				CLANG_WARN_INFINITE_RECURSION = YES;
				CLANG_WARN_INT_CONVERSION = YES;
				CLANG_WARN_OBJC_ROOT_CLASS = YES_ERROR;
				CLANG_WARN_SUSPICIOUS_MOVE = YES;
				CLANG_WARN_UNREACHABLE_CODE = YES;
				CLANG_WARN__DUPLICATE_METHOD_MATCH = YES;
				"CODE_SIGN_IDENTITY[sdk=iphoneos*]" = "iPhone Developer";
				COPY_PHASE_STRIP = NO;
				DEBUG_INFORMATION_FORMAT = "dwarf-with-dsym";
				ENABLE_NS_ASSERTIONS = NO;
				ENABLE_STRICT_OBJC_MSGSEND = YES;
				GCC_C_LANGUAGE_STANDARD = gnu99;
				GCC_NO_COMMON_BLOCKS = YES;
				GCC_WARN_64_TO_32_BIT_CONVERSION = YES;
				GCC_WARN_ABOUT_RETURN_TYPE = YES_ERROR;
				GCC_WARN_UNDECLARED_SELECTOR = YES;
				GCC_WARN_UNINITIALIZED_AUTOS = YES_AGGRESSIVE;
				GCC_WARN_UNUSED_FUNCTION = YES;
				GCC_WARN_UNUSED_VARIABLE = YES;
				IPHONEOS_DEPLOYMENT_TARGET = 10.3;
				MTL_ENABLE_DEBUG_INFO = NO;
				SDKROOT = iphoneos;
				SWIFT_OPTIMIZATION_LEVEL = "-Owholemodule";
				TARGETED_DEVICE_FAMILY = "1,2";
				VALIDATE_PRODUCT = YES;
			};
			name = Release;
		};
		8C5B64A91E970485004DFAB4 /* Debug */ = {
			isa = XCBuildConfiguration;
			buildSettings = {
				ASSETCATALOG_COMPILER_APPICON_NAME = AppIcon;
				DEVELOPMENT_TEAM = 94EUZPM3TC;
				INFOPLIST_FILE = SizeClasses/Info.plist;
				LD_RUNPATH_SEARCH_PATHS = "$(inherited) @executable_path/Frameworks";
				PRODUCT_BUNDLE_IDENTIFIER = com.simonzhen.SizeClasses;
				PRODUCT_NAME = "$(TARGET_NAME)";
				SWIFT_VERSION = 3.0;
			};
			name = Debug;
		};
		8C5B64AA1E970485004DFAB4 /* Release */ = {
			isa = XCBuildConfiguration;
			buildSettings = {
				ASSETCATALOG_COMPILER_APPICON_NAME = AppIcon;
				DEVELOPMENT_TEAM = 94EUZPM3TC;
				INFOPLIST_FILE = SizeClasses/Info.plist;
				LD_RUNPATH_SEARCH_PATHS = "$(inherited) @executable_path/Frameworks";
				PRODUCT_BUNDLE_IDENTIFIER = com.simonzhen.SizeClasses;
				PRODUCT_NAME = "$(TARGET_NAME)";
				SWIFT_VERSION = 3.0;
			};
			name = Release;
		};
/* End XCBuildConfiguration section */

/* Begin XCConfigurationList section */
		8C5B64911E970485004DFAB4 /* Build configuration list for PBXProject "SizeClasses" */ = {
			isa = XCConfigurationList;
			buildConfigurations = (
				8C5B64A61E970485004DFAB4 /* Debug */,
				8C5B64A71E970485004DFAB4 /* Release */,
			);
			defaultConfigurationIsVisible = 0;
			defaultConfigurationName = Release;
		};
		8C5B64A81E970485004DFAB4 /* Build configuration list for PBXNativeTarget "SizeClasses" */ = {
			isa = XCConfigurationList;
			buildConfigurations = (
				8C5B64A91E970485004DFAB4 /* Debug */,
				8C5B64AA1E970485004DFAB4 /* Release */,
			);
			defaultConfigurationIsVisible = 0;
		};
/* End XCConfigurationList section */
	};
	rootObject = 8C5B648E1E970485004DFAB4 /* Project object */;
}
